
Microsoft Visual Studio Solution File, Format Version 11.00
# Visual Studio 2010
# SharpDevelop 5.1
Project("{FAE04EC0-301F-11D3-BF4B-00C04F79EFBC}") = "GENESYSLauncher", "GENESYSLauncher\GENESYSLauncher.csproj", "{44E3908A-01DA-4646-9974-74264DB50F3C}"
EndProject
Global
	GlobalSection(SolutionConfigurationPlatforms) = preSolution
		Debug|Any CPU = Debug|Any CPU
		Release|Any CPU = Release|Any CPU
	EndGlobalSection
	GlobalSection(ProjectConfigurationPlatforms) = postSolution
		{44E3908A-01DA-4646-9974-74264DB50F3C}.Debug|Any CPU.ActiveCfg = Debug|Any CPU
		{44E3908A-01DA-4646-9974-74264DB50F3C}.Debug|Any CPU.Build.0 = Debug|Any CPU
		{44E3908A-01DA-4646-9974-74264DB50F3C}.Release|Any CPU.ActiveCfg = Release|Any CPU
		{44E3908A-01DA-4646-9974-74264DB50F3C}.Release|Any CPU.Build.0 = Release|Any CPU
	EndGlobalSection
EndGlobal
